// !$*UTF8*$!
{
	archiveVersion = 1;
	classes = {
	};
	objectVersion = 46;
	objects = {

/* Begin PBXBuildFile section */
		467D29FF1C15B1D200C4625E /* AppDelegate.swift in Sources */ = {isa = PBXBuildFile; fileRef = 467D29FE1C15B1D200C4625E /* AppDelegate.swift */; };
		467D2A011C15B1D200C4625E /* ViewController.swift in Sources */ = {isa = PBXBuildFile; fileRef = 467D2A001C15B1D200C4625E /* ViewController.swift */; };
		467D2A041C15B1D200C4625E /* Main.storyboard in Resources */ = {isa = PBXBuildFile; fileRef = 467D2A021C15B1D200C4625E /* Main.storyboard */; };
		467D2A061C15B1D200C4625E /* Assets.xcassets in Resources */ = {isa = PBXBuildFile; fileRef = 467D2A051C15B1D200C4625E /* Assets.xcassets */; };
		467D2A091C15B1D200C4625E /* LaunchScreen.storyboard in Resources */ = {isa = PBXBuildFile; fileRef = 467D2A071C15B1D200C4625E /* LaunchScreen.storyboard */; };
		467D2A141C15B1D200C4625E /* Calculate_ExerciseTests.swift in Sources */ = {isa = PBXBuildFile; fileRef = 467D2A131C15B1D200C4625E /* Calculate_ExerciseTests.swift */; };
		467D2A1F1C15B1D200C4625E /* Calculate_ExerciseUITests.swift in Sources */ = {isa = PBXBuildFile; fileRef = 467D2A1E1C15B1D200C4625E /* Calculate_ExerciseUITests.swift */; };
/* End PBXBuildFile section */

/* Begin PBXContainerItemProxy section */
		467D2A101C15B1D200C4625E /* PBXContainerItemProxy */ = {
			isa = PBXContainerItemProxy;
			containerPortal = 467D29F31C15B1D200C4625E /* Project object */;
			proxyType = 1;
			remoteGlobalIDString = 467D29FA1C15B1D200C4625E;
			remoteInfo = "Calculate Exercise";
		};
		467D2A1B1C15B1D200C4625E /* PBXContainerItemProxy */ = {
			isa = PBXContainerItemProxy;
			containerPortal = 467D29F31C15B1D200C4625E /* Project object */;
			proxyType = 1;
			remoteGlobalIDString = 467D29FA1C15B1D200C4625E;
			remoteInfo = "Calculate Exercise";
		};
/* End PBXContainerItemProxy section */

/* Begin PBXFileReference section */
		467D29FB1C15B1D200C4625E /* Calculate Exercise.app */ = {isa = PBXFileReference; explicitFileType = wrapper.application; includeInIndex = 0; path = "Calculate Exercise.app"; sourceTree = BUILT_PRODUCTS_DIR; };
		467D29FE1C15B1D200C4625E /* AppDelegate.swift */ = {isa = PBXFileReference; lastKnownFileType = sourcecode.swift; path = AppDelegate.swift; sourceTree = "<group>"; };
		467D2A001C15B1D200C4625E /* ViewController.swift */ = {isa = PBXFileReference; lastKnownFileType = sourcecode.swift; path = ViewController.swift; sourceTree = "<group>"; };
		467D2A031C15B1D200C4625E /* Base */ = {isa = PBXFileReference; lastKnownFileType = file.storyboard; name = Base; path = Base.lproj/Main.storyboard; sourceTree = "<group>"; };
		467D2A051C15B1D200C4625E /* Assets.xcassets */ = {isa = PBXFileReference; lastKnownFileType = folder.assetcatalog; path = Assets.xcassets; sourceTree = "<group>"; };
		467D2A081C15B1D200C4625E /* Base */ = {isa = PBXFileReference; lastKnownFileType = file.storyboard; name = Base; path = Base.lproj/LaunchScreen.storyboard; sourceTree = "<group>"; };
		467D2A0A1C15B1D200C4625E /* Info.plist */ = {isa = PBXFileReference; lastKnownFileType = text.plist.xml; path = Info.plist; sourceTree = "<group>"; };
		467D2A0F1C15B1D200C4625E /* Calculate ExerciseTests.xctest */ = {isa = PBXFileReference; explicitFileType = wrapper.cfbundle; includeInIndex = 0; path = "Calculate ExerciseTests.xctest"; sourceTree = BUILT_PRODUCTS_DIR; };
		467D2A131C15B1D200C4625E /* Calculate_ExerciseTests.swift */ = {isa = PBXFileReference; lastKnownFileType = sourcecode.swift; path = Calculate_ExerciseTests.swift; sourceTree = "<group>"; };
		467D2A151C15B1D200C4625E /* Info.plist */ = {isa = PBXFileReference; lastKnownFileType = text.plist.xml; path = Info.plist; sourceTree = "<group>"; };
		467D2A1A1C15B1D200C4625E /* Calculate ExerciseUITests.xctest */ = {isa = PBXFileReference; explicitFileType = wrapper.cfbundle; includeInIndex = 0; path = "Calculate ExerciseUITests.xctest"; sourceTree = BUILT_PRODUCTS_DIR; };
		467D2A1E1C15B1D200C4625E /* Calculate_ExerciseUITests.swift */ = {isa = PBXFileReference; lastKnownFileType = sourcecode.swift; path = Calculate_ExerciseUITests.swift; sourceTree = "<group>"; };
		467D2A201C15B1D200C4625E /* Info.plist */ = {isa = PBXFileReference; lastKnownFileType = text.plist.xml; path = Info.plist; sourceTree = "<group>"; };
/* End PBXFileReference section */

/* Begin PBXFrameworksBuildPhase section */
		467D29F81C15B1D200C4625E /* Frameworks */ = {
			isa = PBXFrameworksBuildPhase;
			buildActionMask = 2147483647;
			files = (
			);
			runOnlyForDeploymentPostprocessing = 0;
		};
		467D2A0C1C15B1D200C4625E /* Frameworks */ = {
			isa = PBXFrameworksBuildPhase;
			buildActionMask = 2147483647;
			files = (
			);
			runOnlyForDeploymentPostprocessing = 0;
		};
		467D2A171C15B1D200C4625E /* Frameworks */ = {
			isa = PBXFrameworksBuildPhase;
			buildActionMask = 2147483647;
			files = (
			);
			runOnlyForDeploymentPostprocessing = 0;
		};
/* End PBXFrameworksBuildPhase section */

/* Begin PBXGroup section */
		467D29F21C15B1D200C4625E = {
			isa = PBXGroup;
			children = (
				467D29FD1C15B1D200C4625E /* Calculate Exercise */,
				467D2A121C15B1D200C4625E /* Calculate ExerciseTests */,
				467D2A1D1C15B1D200C4625E /* Calculate ExerciseUITests */,
				467D29FC1C15B1D200C4625E /* Products */,
			);
			sourceTree = "<group>";
		};
		467D29FC1C15B1D200C4625E /* Products */ = {
			isa = PBXGroup;
			children = (
				467D29FB1C15B1D200C4625E /* Calculate Exercise.app */,
				467D2A0F1C15B1D200C4625E /* Calculate ExerciseTests.xctest */,
				467D2A1A1C15B1D200C4625E /* Calculate ExerciseUITests.xctest */,
			);
			name = Products;
			sourceTree = "<group>";
		};
		467D29FD1C15B1D200C4625E /* Calculate Exercise */ = {
			isa = PBXGroup;
			children = (
				467D29FE1C15B1D200C4625E /* AppDelegate.swift */,
				467D2A001C15B1D200C4625E /* ViewController.swift */,
				467D2A021C15B1D200C4625E /* Main.storyboard */,
				467D2A051C15B1D200C4625E /* Assets.xcassets */,
				467D2A071C15B1D200C4625E /* LaunchScreen.storyboard */,
				467D2A0A1C15B1D200C4625E /* Info.plist */,
			);
			path = "Calculate Exercise";
			sourceTree = "<group>";
		};
		467D2A121C15B1D200C4625E /* Calculate ExerciseTests */ = {
			isa = PBXGroup;
			children = (
				467D2A131C15B1D200C4625E /* Calculate_ExerciseTests.swift */,
				467D2A151C15B1D200C4625E /* Info.plist */,
			);
			path = "Calculate ExerciseTests";
			sourceTree = "<group>";
		};
		467D2A1D1C15B1D200C4625E /* Calculate ExerciseUITests */ = {
			isa = PBXGroup;
			children = (
				467D2A1E1C15B1D200C4625E /* Calculate_ExerciseUITests.swift */,
				467D2A201C15B1D200C4625E /* Info.plist */,
			);
			path = "Calculate ExerciseUITests";
			sourceTree = "<group>";
		};
/* End PBXGroup section */

/* Begin PBXNativeTarget section */
		467D29FA1C15B1D200C4625E /* Calculate Exercise */ = {
			isa = PBXNativeTarget;
			buildConfigurationList = 467D2A231C15B1D200C4625E /* Build configuration list for PBXNativeTarget "Calculate Exercise" */;
			buildPhases = (
				467D29F71C15B1D200C4625E /* Sources */,
				467D29F81C15B1D200C4625E /* Frameworks */,
				467D29F91C15B1D200C4625E /* Resources */,
			);
			buildRules = (
			);
			dependencies = (
			);
			name = "Calculate Exercise";
			productName = "Calculate Exercise";
			productReference = 467D29FB1C15B1D200C4625E /* Calculate Exercise.app */;
			productType = "com.apple.product-type.application";
		};
		467D2A0E1C15B1D200C4625E /* Calculate ExerciseTests */ = {
			isa = PBXNativeTarget;
			buildConfigurationList = 467D2A261C15B1D200C4625E /* Build configuration list for PBXNativeTarget "Calculate ExerciseTests" */;
			buildPhases = (
				467D2A0B1C15B1D200C4625E /* Sources */,
				467D2A0C1C15B1D200C4625E /* Frameworks */,
				467D2A0D1C15B1D200C4625E /* Resources */,
			);
			buildRules = (
			);
			dependencies = (
				467D2A111C15B1D200C4625E /* PBXTargetDependency */,
			);
			name = "Calculate ExerciseTests";
			productName = "Calculate ExerciseTests";
			productReference = 467D2A0F1C15B1D200C4625E /* Calculate ExerciseTests.xctest */;
			productType = "com.apple.product-type.bundle.unit-test";
		};
		467D2A191C15B1D200C4625E /* Calculate ExerciseUITests */ = {
			isa = PBXNativeTarget;
			buildConfigurationList = 467D2A291C15B1D200C4625E /* Build configuration list for PBXNativeTarget "Calculate ExerciseUITests" */;
			buildPhases = (
				467D2A161C15B1D200C4625E /* Sources */,
				467D2A171C15B1D200C4625E /* Frameworks */,
				467D2A181C15B1D200C4625E /* Resources */,
			);
			buildRules = (
			);
			dependencies = (
				467D2A1C1C15B1D200C4625E /* PBXTargetDependency */,
			);
			name = "Calculate ExerciseUITests";
			productName = "Calculate ExerciseUITests";
			productReference = 467D2A1A1C15B1D200C4625E /* Calculate ExerciseUITests.xctest */;
			productType = "com.apple.product-type.bundle.ui-testing";
		};
/* End PBXNativeTarget section */

/* Begin PBXProject section */
		467D29F31C15B1D200C4625E /* Project object */ = {
			isa = PBXProject;
			attributes = {
				LastSwiftUpdateCheck = 0710;
				LastUpgradeCheck = 0710;
				ORGANIZATIONNAME = "gil osher";
				TargetAttributes = {
					467D29FA1C15B1D200C4625E = {
						CreatedOnToolsVersion = 7.1.1;
						DevelopmentTeam = 3ZM8DXSR64;
					};
					467D2A0E1C15B1D200C4625E = {
						CreatedOnToolsVersion = 7.1.1;
						DevelopmentTeam = 3ZM8DXSR64;
						TestTargetID = 467D29FA1C15B1D200C4625E;
					};
					467D2A191C15B1D200C4625E = {
						CreatedOnToolsVersion = 7.1.1;
						DevelopmentTeam = 3ZM8DXSR64;
						TestTargetID = 467D29FA1C15B1D200C4625E;
					};
				};
			};
			buildConfigurationList = 467D29F61C15B1D200C4625E /* Build configuration list for PBXProject "Calculate Exercise" */;
			compatibilityVersion = "Xcode 3.2";
			developmentRegion = English;
			hasScannedForEncodings = 0;
			knownRegions = (
				en,
				Base,
			);
			mainGroup = 467D29F21C15B1D200C4625E;
			productRefGroup = 467D29FC1C15B1D200C4625E /* Products */;
			projectDirPath = "";
			projectRoot = "";
			targets = (
				467D29FA1C15B1D200C4625E /* Calculate Exercise */,
				467D2A0E1C15B1D200C4625E /* Calculate ExerciseTests */,
				467D2A191C15B1D200C4625E /* Calculate ExerciseUITests */,
			);
		};
/* End PBXProject section */

/* Begin PBXResourcesBuildPhase section */
		467D29F91C15B1D200C4625E /* Resources */ = {
			isa = PBXResourcesBuildPhase;
			buildActionMask = 2147483647;
			files = (
				467D2A091C15B1D200C4625E /* LaunchScreen.storyboard in Resources */,
				467D2A061C15B1D200C4625E /* Assets.xcassets in Resources */,
				467D2A041C15B1D200C4625E /* Main.storyboard in Resources */,
			);
			runOnlyForDeploymentPostprocessing = 0;
		};
		467D2A0D1C15B1D200C4625E /* Resources */ = {
			isa = PBXResourcesBuildPhase;
			buildActionMask = 2147483647;
			files = (
			);
			runOnlyForDeploymentPostprocessing = 0;
		};
		467D2A181C15B1D200C4625E /* Resources */ = {
			isa = PBXResourcesBuildPhase;
			buildActionMask = 2147483647;
			files = (
			);
			runOnlyForDeploymentPostprocessing = 0;
		};
/* End PBXResourcesBuildPhase section */

/* Begin PBXSourcesBuildPhase section */
		467D29F71C15B1D200C4625E /* Sources */ = {
			isa = PBXSourcesBuildPhase;
			buildActionMask = 2147483647;
			files = (
				467D2A011C15B1D200C4625E /* ViewController.swift in Sources */,
				467D29FF1C15B1D200C4625E /* AppDelegate.swift in Sources */,
			);
			runOnlyForDeploymentPostprocessing = 0;
		};
		467D2A0B1C15B1D200C4625E /* Sources */ = {
			isa = PBXSourcesBuildPhase;
			buildActionMask = 2147483647;
			files = (
				467D2A141C15B1D200C4625E /* Calculate_ExerciseTests.swift in Sources */,
			);
			runOnlyForDeploymentPostprocessing = 0;
		};
		467D2A161C15B1D200C4625E /* Sources */ = {
			isa = PBXSourcesBuildPhase;
			buildActionMask = 2147483647;
			files = (
				467D2A1F1C15B1D200C4625E /* Calculate_ExerciseUITests.swift in Sources */,
			);
			runOnlyForDeploymentPostprocessing = 0;
		};
/* End PBXSourcesBuildPhase section */

/* Begin PBXTargetDependency section */
		467D2A111C15B1D200C4625E /* PBXTargetDependency */ = {
			isa = PBXTargetDependency;
			target = 467D29FA1C15B1D200C4625E /* Calculate Exercise */;
			targetProxy = 467D2A101C15B1D200C4625E /* PBXContainerItemProxy */;
		};
		467D2A1C1C15B1D200C4625E /* PBXTargetDependency */ = {
			isa = PBXTargetDependency;
			target = 467D29FA1C15B1D200C4625E /* Calculate Exercise */;
			targetProxy = 467D2A1B1C15B1D200C4625E /* PBXContainerItemProxy */;
		};
/* End PBXTargetDependency section */

/* Begin PBXVariantGroup section */
		467D2A021C15B1D200C4625E /* Main.storyboard */ = {
			isa = PBXVariantGroup;
			children = (
				467D2A031C15B1D200C4625E /* Base */,
			);
			name = Main.storyboard;
			sourceTree = "<group>";
		};
		467D2A071C15B1D200C4625E /* LaunchScreen.storyboard */ = {
			isa = PBXVariantGroup;
			children = (
				467D2A081C15B1D200C4625E /* Base */,
			);
			name = LaunchScreen.storyboard;
			sourceTree = "<group>";
		};
/* End PBXVariantGroup section */

/* Begin XCBuildConfiguration section */
		467D2A211C15B1D200C4625E /* Debug */ = {
			isa = XCBuildConfiguration;
			buildSettings = {
				ALWAYS_SEARCH_USER_PATHS = NO;
				CLANG_CXX_LANGUAGE_STANDARD = "gnu++0x";
				CLANG_CXX_LIBRARY = "libc++";
				CLANG_ENABLE_MODULES = YES;
				CLANG_ENABLE_OBJC_ARC = YES;
				CLANG_WARN_BOOL_CONVERSION = YES;
				CLANG_WARN_CONSTANT_CONVERSION = YES;
				CLANG_WARN_DIRECT_OBJC_ISA_USAGE = YES_ERROR;
				CLANG_WARN_EMPTY_BODY = YES;
				CLANG_WARN_ENUM_CONVERSION = YES;
				CLANG_WARN_INT_CONVERSION = YES;
				CLANG_WARN_OBJC_ROOT_CLASS = YES_ERROR;
				CLANG_WARN_UNREACHABLE_CODE = YES;
				CLANG_WARN__DUPLICATE_METHOD_MATCH = YES;
				"CODE_SIGN_IDENTITY[sdk=iphoneos*]" = "iPhone Developer";
				COPY_PHASE_STRIP = NO;
				DEBUG_INFORMATION_FORMAT = dwarf;
				ENABLE_STRICT_OBJC_MSGSEND = YES;
				ENABLE_TESTABILITY = YES;
				GCC_C_LANGUAGE_STANDARD = gnu99;
				GCC_DYNAMIC_NO_PIC = NO;
				GCC_NO_COMMON_BLOCKS = YES;
				GCC_OPTIMIZATION_LEVEL = 0;
				GCC_PREPROCESSOR_DEFINITIONS = (
					"DEBUG=1",
					"$(inherited)",
				);
				GCC_WARN_64_TO_32_BIT_CONVERSION = YES;
				GCC_WARN_ABOUT_RETURN_TYPE = YES_ERROR;
				GCC_WARN_UNDECLARED_SELECTOR = YES;
				GCC_WARN_UNINITIALIZED_AUTOS = YES_AGGRESSIVE;
				GCC_WARN_UNUSED_FUNCTION = YES;
				GCC_WARN_UNUSED_VARIABLE = YES;
				IPHONEOS_DEPLOYMENT_TARGET = 9.1;
				MTL_ENABLE_DEBUG_INFO = YES;
				ONLY_ACTIVE_ARCH = YES;
				SDKROOT = iphoneos;
				SWIFT_OPTIMIZATION_LEVEL = "-Onone";
				TARGETED_DEVICE_FAMILY = "1,2";
			};
			name = Debug;
		};
		467D2A221C15B1D200C4625E /* Release */ = {
			isa = XCBuildConfiguration;
			buildSettings = {
				ALWAYS_SEARCH_USER_PATHS = NO;
				CLANG_CXX_LANGUAGE_STANDARD = "gnu++0x";
				CLANG_CXX_LIBRARY = "libc++";
				CLANG_ENABLE_MODULES = YES;
				CLANG_ENABLE_OBJC_ARC = YES;
				CLANG_WARN_BOOL_CONVERSION = YES;
				CLANG_WARN_CONSTANT_CONVERSION = YES;
				CLANG_WARN_DIRECT_OBJC_ISA_USAGE = YES_ERROR;
				CLANG_WARN_EMPTY_BODY = YES;
				CLANG_WARN_ENUM_CONVERSION = YES;
				CLANG_WARN_INT_CONVERSION = YES;
				CLANG_WARN_OBJC_ROOT_CLASS = YES_ERROR;
				CLANG_WARN_UNREACHABLE_CODE = YES;
				CLANG_WARN__DUPLICATE_METHOD_MATCH = YES;
				"CODE_SIGN_IDENTITY[sdk=iphoneos*]" = "iPhone Developer";
				COPY_PHASE_STRIP = NO;
				DEBUG_INFORMATION_FORMAT = "dwarf-with-dsym";
				ENABLE_NS_ASSERTIONS = NO;
				ENABLE_STRICT_OBJC_MSGSEND = YES;
				GCC_C_LANGUAGE_STANDARD = gnu99;
				GCC_NO_COMMON_BLOCKS = YES;
				GCC_WARN_64_TO_32_BIT_CONVERSION = YES;
				GCC_WARN_ABOUT_RETURN_TYPE = YES_ERROR;
				GCC_WARN_UNDECLARED_SELECTOR = YES;
				GCC_WARN_UNINITIALIZED_AUTOS = YES_AGGRESSIVE;
				GCC_WARN_UNUSED_FUNCTION = YES;
				GCC_WARN_UNUSED_VARIABLE = YES;
				IPHONEOS_DEPLOYMENT_TARGET = 9.1;
				MTL_ENABLE_DEBUG_INFO = NO;
				SDKROOT = iphoneos;
				TARGETED_DEVICE_FAMILY = "1,2";
				VALIDATE_PRODUCT = YES;
			};
			name = Release;
		};
		467D2A241C15B1D200C4625E /* Debug */ = {
			isa = XCBuildConfiguration;
			buildSettings = {
				ASSETCATALOG_COMPILER_APPICON_NAME = AppIcon;
				INFOPLIST_FILE = "Calculate Exercise/Info.plist";
				LD_RUNPATH_SEARCH_PATHS = "$(inherited) @executable_path/Frameworks";
				PRODUCT_BUNDLE_IDENTIFIER = "example.Calculate-Exercise";
				PRODUCT_NAME = "$(TARGET_NAME)";
			};
			name = Debug;
		};
		467D2A251C15B1D200C4625E /* Release */ = {
			isa = XCBuildConfiguration;
			buildSettings = {
				ASSETCATALOG_COMPILER_APPICON_NAME = AppIcon;
				INFOPLIST_FILE = "Calculate Exercise/Info.plist";
				LD_RUNPATH_SEARCH_PATHS = "$(inherited) @executable_path/Frameworks";
				PRODUCT_BUNDLE_IDENTIFIER = "example.Calculate-Exercise";
				PRODUCT_NAME = "$(TARGET_NAME)";
			};
			name = Release;
		};
		467D2A271C15B1D200C4625E /* Debug */ = {
			isa = XCBuildConfiguration;
			buildSettings = {
				BUNDLE_LOADER = "$(TEST_HOST)";
				INFOPLIST_FILE = "Calculate ExerciseTests/Info.plist";
				LD_RUNPATH_SEARCH_PATHS = "$(inherited) @executable_path/Frameworks @loader_path/Frameworks";
				PRODUCT_BUNDLE_IDENTIFIER = "example.Calculate-ExerciseTests";
				PRODUCT_NAME = "$(TARGET_NAME)";
				TEST_HOST = "$(BUILT_PRODUCTS_DIR)/Calculate Exercise.app/Calculate Exercise";
			};
			name = Debug;
		};
		467D2A281C15B1D200C4625E /* Release */ = {
			isa = XCBuildConfiguration;
			buildSettings = {
				BUNDLE_LOADER = "$(TEST_HOST)";
				INFOPLIST_FILE = "Calculate ExerciseTests/Info.plist";
				LD_RUNPATH_SEARCH_PATHS = "$(inherited) @executable_path/Frameworks @loader_path/Frameworks";
				PRODUCT_BUNDLE_IDENTIFIER = "example.Calculate-ExerciseTests";
				PRODUCT_NAME = "$(TARGET_NAME)";
				TEST_HOST = "$(BUILT_PRODUCTS_DIR)/Calculate Exercise.app/Calculate Exercise";
			};
			name = Release;
		};
		467D2A2A1C15B1D200C4625E /* Debug */ = {
			isa = XCBuildConfiguration;
			buildSettings = {
				INFOPLIST_FILE = "Calculate ExerciseUITests/Info.plist";
				LD_RUNPATH_SEARCH_PATHS = "$(inherited) @executable_path/Frameworks @loader_path/Frameworks";
				PRODUCT_BUNDLE_IDENTIFIER = "example.Calculate-ExerciseUITests";
				PRODUCT_NAME = "$(TARGET_NAME)";
				TEST_TARGET_NAME = "Calculate Exercise";
				USES_XCTRUNNER = YES;
			};
			name = Debug;
		};
		467D2A2B1C15B1D200C4625E /* Release */ = {
			isa = XCBuildConfiguration;
			buildSettings = {
				INFOPLIST_FILE = "Calculate ExerciseUITests/Info.plist";
				LD_RUNPATH_SEARCH_PATHS = "$(inherited) @executable_path/Frameworks @loader_path/Frameworks";
				PRODUCT_BUNDLE_IDENTIFIER = "example.Calculate-ExerciseUITests";
				PRODUCT_NAME = "$(TARGET_NAME)";
				TEST_TARGET_NAME = "Calculate Exercise";
				USES_XCTRUNNER = YES;
			};
			name = Release;
		};
/* End XCBuildConfiguration section */

/* Begin XCConfigurationList section */
		467D29F61C15B1D200C4625E /* Build configuration list for PBXProject "Calculate Exercise" */ = {
			isa = XCConfigurationList;
			buildConfigurations = (
				467D2A211C15B1D200C4625E /* Debug */,
				467D2A221C15B1D200C4625E /* Release */,
			);
			defaultConfigurationIsVisible = 0;
			defaultConfigurationName = Release;
		};
		467D2A231C15B1D200C4625E /* Build configuration list for PBXNativeTarget "Calculate Exercise" */ = {
			isa = XCConfigurationList;
			buildConfigurations = (
				467D2A241C15B1D200C4625E /* Debug */,
				467D2A251C15B1D200C4625E /* Release */,
			);
			defaultConfigurationIsVisible = 0;
		};
		467D2A261C15B1D200C4625E /* Build configuration list for PBXNativeTarget "Calculate ExerciseTests" */ = {
			isa = XCConfigurationList;
			buildConfigurations = (
				467D2A271C15B1D200C4625E /* Debug */,
				467D2A281C15B1D200C4625E /* Release */,
			);
			defaultConfigurationIsVisible = 0;
		};
		467D2A291C15B1D200C4625E /* Build configuration list for PBXNativeTarget "Calculate ExerciseUITests" */ = {
			isa = XCConfigurationList;
			buildConfigurations = (
				467D2A2A1C15B1D200C4625E /* Debug */,
				467D2A2B1C15B1D200C4625E /* Release */,
			);
			defaultConfigurationIsVisible = 0;
		};
/* End XCConfigurationList section */
	};
	rootObject = 467D29F31C15B1D200C4625E /* Project object */;
}
