// !$*UTF8*$!
{
	archiveVersion = 1;
	classes = {
	};
	objectVersion = 46;
	objects = {

/* Begin PBXBuildFile section */
		466F52541BEB96C10007A0B0 /* AppDelegate.swift in Sources */ = {isa = PBXBuildFile; fileRef = 466F52531BEB96C10007A0B0 /* AppDelegate.swift */; };
		466F52561BEB96C10007A0B0 /* ViewController.swift in Sources */ = {isa = PBXBuildFile; fileRef = 466F52551BEB96C10007A0B0 /* ViewController.swift */; };
		466F52591BEB96C10007A0B0 /* Main.storyboard in Resources */ = {isa = PBXBuildFile; fileRef = 466F52571BEB96C10007A0B0 /* Main.storyboard */; };
		466F525B1BEB96C10007A0B0 /* Assets.xcassets in Resources */ = {isa = PBXBuildFile; fileRef = 466F525A1BEB96C10007A0B0 /* Assets.xcassets */; };
		466F525E1BEB96C10007A0B0 /* LaunchScreen.storyboard in Resources */ = {isa = PBXBuildFile; fileRef = 466F525C1BEB96C10007A0B0 /* LaunchScreen.storyboard */; };
		466F52691BEB96C10007A0B0 /* TableView_with_Refresh_ButtonTests.swift in Sources */ = {isa = PBXBuildFile; fileRef = 466F52681BEB96C10007A0B0 /* TableView_with_Refresh_ButtonTests.swift */; };
		466F52741BEB96C10007A0B0 /* TableView_with_Refresh_ButtonUITests.swift in Sources */ = {isa = PBXBuildFile; fileRef = 466F52731BEB96C10007A0B0 /* TableView_with_Refresh_ButtonUITests.swift */; };
/* End PBXBuildFile section */

/* Begin PBXContainerItemProxy section */
		466F52651BEB96C10007A0B0 /* PBXContainerItemProxy */ = {
			isa = PBXContainerItemProxy;
			containerPortal = 466F52481BEB96C10007A0B0 /* Project object */;
			proxyType = 1;
			remoteGlobalIDString = 466F524F1BEB96C10007A0B0;
			remoteInfo = "TableView with Refresh Button";
		};
		466F52701BEB96C10007A0B0 /* PBXContainerItemProxy */ = {
			isa = PBXContainerItemProxy;
			containerPortal = 466F52481BEB96C10007A0B0 /* Project object */;
			proxyType = 1;
			remoteGlobalIDString = 466F524F1BEB96C10007A0B0;
			remoteInfo = "TableView with Refresh Button";
		};
/* End PBXContainerItemProxy section */

/* Begin PBXFileReference section */
		466F52501BEB96C10007A0B0 /* TableView with Refresh Button.app */ = {isa = PBXFileReference; explicitFileType = wrapper.application; includeInIndex = 0; path = "TableView with Refresh Button.app"; sourceTree = BUILT_PRODUCTS_DIR; };
		466F52531BEB96C10007A0B0 /* AppDelegate.swift */ = {isa = PBXFileReference; lastKnownFileType = sourcecode.swift; path = AppDelegate.swift; sourceTree = "<group>"; };
		466F52551BEB96C10007A0B0 /* ViewController.swift */ = {isa = PBXFileReference; lastKnownFileType = sourcecode.swift; path = ViewController.swift; sourceTree = "<group>"; };
		466F52581BEB96C10007A0B0 /* Base */ = {isa = PBXFileReference; lastKnownFileType = file.storyboard; name = Base; path = Base.lproj/Main.storyboard; sourceTree = "<group>"; };
		466F525A1BEB96C10007A0B0 /* Assets.xcassets */ = {isa = PBXFileReference; lastKnownFileType = folder.assetcatalog; path = Assets.xcassets; sourceTree = "<group>"; };
		466F525D1BEB96C10007A0B0 /* Base */ = {isa = PBXFileReference; lastKnownFileType = file.storyboard; name = Base; path = Base.lproj/LaunchScreen.storyboard; sourceTree = "<group>"; };
		466F525F1BEB96C10007A0B0 /* Info.plist */ = {isa = PBXFileReference; lastKnownFileType = text.plist.xml; path = Info.plist; sourceTree = "<group>"; };
		466F52641BEB96C10007A0B0 /* TableView with Refresh ButtonTests.xctest */ = {isa = PBXFileReference; explicitFileType = wrapper.cfbundle; includeInIndex = 0; path = "TableView with Refresh ButtonTests.xctest"; sourceTree = BUILT_PRODUCTS_DIR; };
		466F52681BEB96C10007A0B0 /* TableView_with_Refresh_ButtonTests.swift */ = {isa = PBXFileReference; lastKnownFileType = sourcecode.swift; path = TableView_with_Refresh_ButtonTests.swift; sourceTree = "<group>"; };
		466F526A1BEB96C10007A0B0 /* Info.plist */ = {isa = PBXFileReference; lastKnownFileType = text.plist.xml; path = Info.plist; sourceTree = "<group>"; };
		466F526F1BEB96C10007A0B0 /* TableView with Refresh ButtonUITests.xctest */ = {isa = PBXFileReference; explicitFileType = wrapper.cfbundle; includeInIndex = 0; path = "TableView with Refresh ButtonUITests.xctest"; sourceTree = BUILT_PRODUCTS_DIR; };
		466F52731BEB96C10007A0B0 /* TableView_with_Refresh_ButtonUITests.swift */ = {isa = PBXFileReference; lastKnownFileType = sourcecode.swift; path = TableView_with_Refresh_ButtonUITests.swift; sourceTree = "<group>"; };
		466F52751BEB96C10007A0B0 /* Info.plist */ = {isa = PBXFileReference; lastKnownFileType = text.plist.xml; path = Info.plist; sourceTree = "<group>"; };
/* End PBXFileReference section */

/* Begin PBXFrameworksBuildPhase section */
		466F524D1BEB96C10007A0B0 /* Frameworks */ = {
			isa = PBXFrameworksBuildPhase;
			buildActionMask = 2147483647;
			files = (
			);
			runOnlyForDeploymentPostprocessing = 0;
		};
		466F52611BEB96C10007A0B0 /* Frameworks */ = {
			isa = PBXFrameworksBuildPhase;
			buildActionMask = 2147483647;
			files = (
			);
			runOnlyForDeploymentPostprocessing = 0;
		};
		466F526C1BEB96C10007A0B0 /* Frameworks */ = {
			isa = PBXFrameworksBuildPhase;
			buildActionMask = 2147483647;
			files = (
			);
			runOnlyForDeploymentPostprocessing = 0;
		};
/* End PBXFrameworksBuildPhase section */

/* Begin PBXGroup section */
		466F52471BEB96C10007A0B0 = {
			isa = PBXGroup;
			children = (
				466F52521BEB96C10007A0B0 /* TableView with Refresh Button */,
				466F52671BEB96C10007A0B0 /* TableView with Refresh ButtonTests */,
				466F52721BEB96C10007A0B0 /* TableView with Refresh ButtonUITests */,
				466F52511BEB96C10007A0B0 /* Products */,
			);
			sourceTree = "<group>";
		};
		466F52511BEB96C10007A0B0 /* Products */ = {
			isa = PBXGroup;
			children = (
				466F52501BEB96C10007A0B0 /* TableView with Refresh Button.app */,
				466F52641BEB96C10007A0B0 /* TableView with Refresh ButtonTests.xctest */,
				466F526F1BEB96C10007A0B0 /* TableView with Refresh ButtonUITests.xctest */,
			);
			name = Products;
			sourceTree = "<group>";
		};
		466F52521BEB96C10007A0B0 /* TableView with Refresh Button */ = {
			isa = PBXGroup;
			children = (
				466F52531BEB96C10007A0B0 /* AppDelegate.swift */,
				466F52551BEB96C10007A0B0 /* ViewController.swift */,
				466F52571BEB96C10007A0B0 /* Main.storyboard */,
				466F525A1BEB96C10007A0B0 /* Assets.xcassets */,
				466F525C1BEB96C10007A0B0 /* LaunchScreen.storyboard */,
				466F525F1BEB96C10007A0B0 /* Info.plist */,
			);
			path = "TableView with Refresh Button";
			sourceTree = "<group>";
		};
		466F52671BEB96C10007A0B0 /* TableView with Refresh ButtonTests */ = {
			isa = PBXGroup;
			children = (
				466F52681BEB96C10007A0B0 /* TableView_with_Refresh_ButtonTests.swift */,
				466F526A1BEB96C10007A0B0 /* Info.plist */,
			);
			path = "TableView with Refresh ButtonTests";
			sourceTree = "<group>";
		};
		466F52721BEB96C10007A0B0 /* TableView with Refresh ButtonUITests */ = {
			isa = PBXGroup;
			children = (
				466F52731BEB96C10007A0B0 /* TableView_with_Refresh_ButtonUITests.swift */,
				466F52751BEB96C10007A0B0 /* Info.plist */,
			);
			path = "TableView with Refresh ButtonUITests";
			sourceTree = "<group>";
		};
/* End PBXGroup section */

/* Begin PBXNativeTarget section */
		466F524F1BEB96C10007A0B0 /* TableView with Refresh Button */ = {
			isa = PBXNativeTarget;
			buildConfigurationList = 466F52781BEB96C10007A0B0 /* Build configuration list for PBXNativeTarget "TableView with Refresh Button" */;
			buildPhases = (
				466F524C1BEB96C10007A0B0 /* Sources */,
				466F524D1BEB96C10007A0B0 /* Frameworks */,
				466F524E1BEB96C10007A0B0 /* Resources */,
			);
			buildRules = (
			);
			dependencies = (
			);
			name = "TableView with Refresh Button";
			productName = "TableView with Refresh Button";
			productReference = 466F52501BEB96C10007A0B0 /* TableView with Refresh Button.app */;
			productType = "com.apple.product-type.application";
		};
		466F52631BEB96C10007A0B0 /* TableView with Refresh ButtonTests */ = {
			isa = PBXNativeTarget;
			buildConfigurationList = 466F527B1BEB96C10007A0B0 /* Build configuration list for PBXNativeTarget "TableView with Refresh ButtonTests" */;
			buildPhases = (
				466F52601BEB96C10007A0B0 /* Sources */,
				466F52611BEB96C10007A0B0 /* Frameworks */,
				466F52621BEB96C10007A0B0 /* Resources */,
			);
			buildRules = (
			);
			dependencies = (
				466F52661BEB96C10007A0B0 /* PBXTargetDependency */,
			);
			name = "TableView with Refresh ButtonTests";
			productName = "TableView with Refresh ButtonTests";
			productReference = 466F52641BEB96C10007A0B0 /* TableView with Refresh ButtonTests.xctest */;
			productType = "com.apple.product-type.bundle.unit-test";
		};
		466F526E1BEB96C10007A0B0 /* TableView with Refresh ButtonUITests */ = {
			isa = PBXNativeTarget;
			buildConfigurationList = 466F527E1BEB96C10007A0B0 /* Build configuration list for PBXNativeTarget "TableView with Refresh ButtonUITests" */;
			buildPhases = (
				466F526B1BEB96C10007A0B0 /* Sources */,
				466F526C1BEB96C10007A0B0 /* Frameworks */,
				466F526D1BEB96C10007A0B0 /* Resources */,
			);
			buildRules = (
			);
			dependencies = (
				466F52711BEB96C10007A0B0 /* PBXTargetDependency */,
			);
			name = "TableView with Refresh ButtonUITests";
			productName = "TableView with Refresh ButtonUITests";
			productReference = 466F526F1BEB96C10007A0B0 /* TableView with Refresh ButtonUITests.xctest */;
			productType = "com.apple.product-type.bundle.ui-testing";
		};
/* End PBXNativeTarget section */

/* Begin PBXProject section */
		466F52481BEB96C10007A0B0 /* Project object */ = {
			isa = PBXProject;
			attributes = {
				LastSwiftUpdateCheck = 0710;
				LastUpgradeCheck = 0710;
				ORGANIZATIONNAME = "gil osher";
				TargetAttributes = {
					466F524F1BEB96C10007A0B0 = {
						CreatedOnToolsVersion = 7.1;
						DevelopmentTeam = 3ZM8DXSR64;
					};
					466F52631BEB96C10007A0B0 = {
						CreatedOnToolsVersion = 7.1;
						DevelopmentTeam = 3ZM8DXSR64;
						TestTargetID = 466F524F1BEB96C10007A0B0;
					};
					466F526E1BEB96C10007A0B0 = {
						CreatedOnToolsVersion = 7.1;
						DevelopmentTeam = 3ZM8DXSR64;
						TestTargetID = 466F524F1BEB96C10007A0B0;
					};
				};
			};
			buildConfigurationList = 466F524B1BEB96C10007A0B0 /* Build configuration list for PBXProject "TableView with Refresh Button" */;
			compatibilityVersion = "Xcode 3.2";
			developmentRegion = English;
			hasScannedForEncodings = 0;
			knownRegions = (
				en,
				Base,
			);
			mainGroup = 466F52471BEB96C10007A0B0;
			productRefGroup = 466F52511BEB96C10007A0B0 /* Products */;
			projectDirPath = "";
			projectRoot = "";
			targets = (
				466F524F1BEB96C10007A0B0 /* TableView with Refresh Button */,
				466F52631BEB96C10007A0B0 /* TableView with Refresh ButtonTests */,
				466F526E1BEB96C10007A0B0 /* TableView with Refresh ButtonUITests */,
			);
		};
/* End PBXProject section */

/* Begin PBXResourcesBuildPhase section */
		466F524E1BEB96C10007A0B0 /* Resources */ = {
			isa = PBXResourcesBuildPhase;
			buildActionMask = 2147483647;
			files = (
				466F525E1BEB96C10007A0B0 /* LaunchScreen.storyboard in Resources */,
				466F525B1BEB96C10007A0B0 /* Assets.xcassets in Resources */,
				466F52591BEB96C10007A0B0 /* Main.storyboard in Resources */,
			);
			runOnlyForDeploymentPostprocessing = 0;
		};
		466F52621BEB96C10007A0B0 /* Resources */ = {
			isa = PBXResourcesBuildPhase;
			buildActionMask = 2147483647;
			files = (
			);
			runOnlyForDeploymentPostprocessing = 0;
		};
		466F526D1BEB96C10007A0B0 /* Resources */ = {
			isa = PBXResourcesBuildPhase;
			buildActionMask = 2147483647;
			files = (
			);
			runOnlyForDeploymentPostprocessing = 0;
		};
/* End PBXResourcesBuildPhase section */

/* Begin PBXSourcesBuildPhase section */
		466F524C1BEB96C10007A0B0 /* Sources */ = {
			isa = PBXSourcesBuildPhase;
			buildActionMask = 2147483647;
			files = (
				466F52561BEB96C10007A0B0 /* ViewController.swift in Sources */,
				466F52541BEB96C10007A0B0 /* AppDelegate.swift in Sources */,
			);
			runOnlyForDeploymentPostprocessing = 0;
		};
		466F52601BEB96C10007A0B0 /* Sources */ = {
			isa = PBXSourcesBuildPhase;
			buildActionMask = 2147483647;
			files = (
				466F52691BEB96C10007A0B0 /* TableView_with_Refresh_ButtonTests.swift in Sources */,
			);
			runOnlyForDeploymentPostprocessing = 0;
		};
		466F526B1BEB96C10007A0B0 /* Sources */ = {
			isa = PBXSourcesBuildPhase;
			buildActionMask = 2147483647;
			files = (
				466F52741BEB96C10007A0B0 /* TableView_with_Refresh_ButtonUITests.swift in Sources */,
			);
			runOnlyForDeploymentPostprocessing = 0;
		};
/* End PBXSourcesBuildPhase section */

/* Begin PBXTargetDependency section */
		466F52661BEB96C10007A0B0 /* PBXTargetDependency */ = {
			isa = PBXTargetDependency;
			target = 466F524F1BEB96C10007A0B0 /* TableView with Refresh Button */;
			targetProxy = 466F52651BEB96C10007A0B0 /* PBXContainerItemProxy */;
		};
		466F52711BEB96C10007A0B0 /* PBXTargetDependency */ = {
			isa = PBXTargetDependency;
			target = 466F524F1BEB96C10007A0B0 /* TableView with Refresh Button */;
			targetProxy = 466F52701BEB96C10007A0B0 /* PBXContainerItemProxy */;
		};
/* End PBXTargetDependency section */

/* Begin PBXVariantGroup section */
		466F52571BEB96C10007A0B0 /* Main.storyboard */ = {
			isa = PBXVariantGroup;
			children = (
				466F52581BEB96C10007A0B0 /* Base */,
			);
			name = Main.storyboard;
			sourceTree = "<group>";
		};
		466F525C1BEB96C10007A0B0 /* LaunchScreen.storyboard */ = {
			isa = PBXVariantGroup;
			children = (
				466F525D1BEB96C10007A0B0 /* Base */,
			);
			name = LaunchScreen.storyboard;
			sourceTree = "<group>";
		};
/* End PBXVariantGroup section */

/* Begin XCBuildConfiguration section */
		466F52761BEB96C10007A0B0 /* Debug */ = {
			isa = XCBuildConfiguration;
			buildSettings = {
				ALWAYS_SEARCH_USER_PATHS = NO;
				CLANG_CXX_LANGUAGE_STANDARD = "gnu++0x";
				CLANG_CXX_LIBRARY = "libc++";
				CLANG_ENABLE_MODULES = YES;
				CLANG_ENABLE_OBJC_ARC = YES;
				CLANG_WARN_BOOL_CONVERSION = YES;
				CLANG_WARN_CONSTANT_CONVERSION = YES;
				CLANG_WARN_DIRECT_OBJC_ISA_USAGE = YES_ERROR;
				CLANG_WARN_EMPTY_BODY = YES;
				CLANG_WARN_ENUM_CONVERSION = YES;
				CLANG_WARN_INT_CONVERSION = YES;
				CLANG_WARN_OBJC_ROOT_CLASS = YES_ERROR;
				CLANG_WARN_UNREACHABLE_CODE = YES;
				CLANG_WARN__DUPLICATE_METHOD_MATCH = YES;
				"CODE_SIGN_IDENTITY[sdk=iphoneos*]" = "iPhone Developer";
				COPY_PHASE_STRIP = NO;
				DEBUG_INFORMATION_FORMAT = dwarf;
				ENABLE_STRICT_OBJC_MSGSEND = YES;
				ENABLE_TESTABILITY = YES;
				GCC_C_LANGUAGE_STANDARD = gnu99;
				GCC_DYNAMIC_NO_PIC = NO;
				GCC_NO_COMMON_BLOCKS = YES;
				GCC_OPTIMIZATION_LEVEL = 0;
				GCC_PREPROCESSOR_DEFINITIONS = (
					"DEBUG=1",
					"$(inherited)",
				);
				GCC_WARN_64_TO_32_BIT_CONVERSION = YES;
				GCC_WARN_ABOUT_RETURN_TYPE = YES_ERROR;
				GCC_WARN_UNDECLARED_SELECTOR = YES;
				GCC_WARN_UNINITIALIZED_AUTOS = YES_AGGRESSIVE;
				GCC_WARN_UNUSED_FUNCTION = YES;
				GCC_WARN_UNUSED_VARIABLE = YES;
				IPHONEOS_DEPLOYMENT_TARGET = 9.1;
				MTL_ENABLE_DEBUG_INFO = YES;
				ONLY_ACTIVE_ARCH = YES;
				SDKROOT = iphoneos;
				SWIFT_OPTIMIZATION_LEVEL = "-Onone";
			};
			name = Debug;
		};
		466F52771BEB96C10007A0B0 /* Release */ = {
			isa = XCBuildConfiguration;
			buildSettings = {
				ALWAYS_SEARCH_USER_PATHS = NO;
				CLANG_CXX_LANGUAGE_STANDARD = "gnu++0x";
				CLANG_CXX_LIBRARY = "libc++";
				CLANG_ENABLE_MODULES = YES;
				CLANG_ENABLE_OBJC_ARC = YES;
				CLANG_WARN_BOOL_CONVERSION = YES;
				CLANG_WARN_CONSTANT_CONVERSION = YES;
				CLANG_WARN_DIRECT_OBJC_ISA_USAGE = YES_ERROR;
				CLANG_WARN_EMPTY_BODY = YES;
				CLANG_WARN_ENUM_CONVERSION = YES;
				CLANG_WARN_INT_CONVERSION = YES;
				CLANG_WARN_OBJC_ROOT_CLASS = YES_ERROR;
				CLANG_WARN_UNREACHABLE_CODE = YES;
				CLANG_WARN__DUPLICATE_METHOD_MATCH = YES;
				"CODE_SIGN_IDENTITY[sdk=iphoneos*]" = "iPhone Developer";
				COPY_PHASE_STRIP = NO;
				DEBUG_INFORMATION_FORMAT = "dwarf-with-dsym";
				ENABLE_NS_ASSERTIONS = NO;
				ENABLE_STRICT_OBJC_MSGSEND = YES;
				GCC_C_LANGUAGE_STANDARD = gnu99;
				GCC_NO_COMMON_BLOCKS = YES;
				GCC_WARN_64_TO_32_BIT_CONVERSION = YES;
				GCC_WARN_ABOUT_RETURN_TYPE = YES_ERROR;
				GCC_WARN_UNDECLARED_SELECTOR = YES;
				GCC_WARN_UNINITIALIZED_AUTOS = YES_AGGRESSIVE;
				GCC_WARN_UNUSED_FUNCTION = YES;
				GCC_WARN_UNUSED_VARIABLE = YES;
				IPHONEOS_DEPLOYMENT_TARGET = 9.1;
				MTL_ENABLE_DEBUG_INFO = NO;
				SDKROOT = iphoneos;
				VALIDATE_PRODUCT = YES;
			};
			name = Release;
		};
		466F52791BEB96C10007A0B0 /* Debug */ = {
			isa = XCBuildConfiguration;
			buildSettings = {
				ASSETCATALOG_COMPILER_APPICON_NAME = AppIcon;
				INFOPLIST_FILE = "TableView with Refresh Button/Info.plist";
				LD_RUNPATH_SEARCH_PATHS = "$(inherited) @executable_path/Frameworks";
				PRODUCT_BUNDLE_IDENTIFIER = "example.TableView-with-Refresh-Button";
				PRODUCT_NAME = "$(TARGET_NAME)";
			};
			name = Debug;
		};
		466F527A1BEB96C10007A0B0 /* Release */ = {
			isa = XCBuildConfiguration;
			buildSettings = {
				ASSETCATALOG_COMPILER_APPICON_NAME = AppIcon;
				INFOPLIST_FILE = "TableView with Refresh Button/Info.plist";
				LD_RUNPATH_SEARCH_PATHS = "$(inherited) @executable_path/Frameworks";
				PRODUCT_BUNDLE_IDENTIFIER = "example.TableView-with-Refresh-Button";
				PRODUCT_NAME = "$(TARGET_NAME)";
			};
			name = Release;
		};
		466F527C1BEB96C10007A0B0 /* Debug */ = {
			isa = XCBuildConfiguration;
			buildSettings = {
				BUNDLE_LOADER = "$(TEST_HOST)";
				INFOPLIST_FILE = "TableView with Refresh ButtonTests/Info.plist";
				LD_RUNPATH_SEARCH_PATHS = "$(inherited) @executable_path/Frameworks @loader_path/Frameworks";
				PRODUCT_BUNDLE_IDENTIFIER = "example.TableView-with-Refresh-ButtonTests";
				PRODUCT_NAME = "$(TARGET_NAME)";
				TEST_HOST = "$(BUILT_PRODUCTS_DIR)/TableView with Refresh Button.app/TableView with Refresh Button";
			};
			name = Debug;
		};
		466F527D1BEB96C10007A0B0 /* Release */ = {
			isa = XCBuildConfiguration;
			buildSettings = {
				BUNDLE_LOADER = "$(TEST_HOST)";
				INFOPLIST_FILE = "TableView with Refresh ButtonTests/Info.plist";
				LD_RUNPATH_SEARCH_PATHS = "$(inherited) @executable_path/Frameworks @loader_path/Frameworks";
				PRODUCT_BUNDLE_IDENTIFIER = "example.TableView-with-Refresh-ButtonTests";
				PRODUCT_NAME = "$(TARGET_NAME)";
				TEST_HOST = "$(BUILT_PRODUCTS_DIR)/TableView with Refresh Button.app/TableView with Refresh Button";
			};
			name = Release;
		};
		466F527F1BEB96C10007A0B0 /* Debug */ = {
			isa = XCBuildConfiguration;
			buildSettings = {
				INFOPLIST_FILE = "TableView with Refresh ButtonUITests/Info.plist";
				LD_RUNPATH_SEARCH_PATHS = "$(inherited) @executable_path/Frameworks @loader_path/Frameworks";
				PRODUCT_BUNDLE_IDENTIFIER = "example.TableView-with-Refresh-ButtonUITests";
				PRODUCT_NAME = "$(TARGET_NAME)";
				TEST_TARGET_NAME = "TableView with Refresh Button";
				USES_XCTRUNNER = YES;
			};
			name = Debug;
		};
		466F52801BEB96C10007A0B0 /* Release */ = {
			isa = XCBuildConfiguration;
			buildSettings = {
				INFOPLIST_FILE = "TableView with Refresh ButtonUITests/Info.plist";
				LD_RUNPATH_SEARCH_PATHS = "$(inherited) @executable_path/Frameworks @loader_path/Frameworks";
				PRODUCT_BUNDLE_IDENTIFIER = "example.TableView-with-Refresh-ButtonUITests";
				PRODUCT_NAME = "$(TARGET_NAME)";
				TEST_TARGET_NAME = "TableView with Refresh Button";
				USES_XCTRUNNER = YES;
			};
			name = Release;
		};
/* End XCBuildConfiguration section */

/* Begin XCConfigurationList section */
		466F524B1BEB96C10007A0B0 /* Build configuration list for PBXProject "TableView with Refresh Button" */ = {
			isa = XCConfigurationList;
			buildConfigurations = (
				466F52761BEB96C10007A0B0 /* Debug */,
				466F52771BEB96C10007A0B0 /* Release */,
			);
			defaultConfigurationIsVisible = 0;
			defaultConfigurationName = Release;
		};
		466F52781BEB96C10007A0B0 /* Build configuration list for PBXNativeTarget "TableView with Refresh Button" */ = {
			isa = XCConfigurationList;
			buildConfigurations = (
				466F52791BEB96C10007A0B0 /* Debug */,
				466F527A1BEB96C10007A0B0 /* Release */,
			);
			defaultConfigurationIsVisible = 0;
		};
		466F527B1BEB96C10007A0B0 /* Build configuration list for PBXNativeTarget "TableView with Refresh ButtonTests" */ = {
			isa = XCConfigurationList;
			buildConfigurations = (
				466F527C1BEB96C10007A0B0 /* Debug */,
				466F527D1BEB96C10007A0B0 /* Release */,
			);
			defaultConfigurationIsVisible = 0;
		};
		466F527E1BEB96C10007A0B0 /* Build configuration list for PBXNativeTarget "TableView with Refresh ButtonUITests" */ = {
			isa = XCConfigurationList;
			buildConfigurations = (
				466F527F1BEB96C10007A0B0 /* Debug */,
				466F52801BEB96C10007A0B0 /* Release */,
			);
			defaultConfigurationIsVisible = 0;
		};
/* End XCConfigurationList section */
	};
	rootObject = 466F52481BEB96C10007A0B0 /* Project object */;
}
