// !$*UTF8*$!
{
	archiveVersion = 1;
	classes = {
	};
	objectVersion = 46;
	objects = {

/* Begin PBXBuildFile section */
		46566FFB1BE7634800B5AE13 /* AppDelegate.swift in Sources */ = {isa = PBXBuildFile; fileRef = 46566FFA1BE7634800B5AE13 /* AppDelegate.swift */; };
		46566FFD1BE7634800B5AE13 /* ViewController.swift in Sources */ = {isa = PBXBuildFile; fileRef = 46566FFC1BE7634800B5AE13 /* ViewController.swift */; };
		465670001BE7634800B5AE13 /* Main.storyboard in Resources */ = {isa = PBXBuildFile; fileRef = 46566FFE1BE7634800B5AE13 /* Main.storyboard */; };
		465670021BE7634800B5AE13 /* Assets.xcassets in Resources */ = {isa = PBXBuildFile; fileRef = 465670011BE7634800B5AE13 /* Assets.xcassets */; };
		465670051BE7634800B5AE13 /* LaunchScreen.storyboard in Resources */ = {isa = PBXBuildFile; fileRef = 465670031BE7634800B5AE13 /* LaunchScreen.storyboard */; };
		465670101BE7634800B5AE13 /* Displaying_Long_Lines_of_Text_with_UITextViewTests.swift in Sources */ = {isa = PBXBuildFile; fileRef = 4656700F1BE7634800B5AE13 /* Displaying_Long_Lines_of_Text_with_UITextViewTests.swift */; };
		4656701B1BE7634800B5AE13 /* Displaying_Long_Lines_of_Text_with_UITextViewUITests.swift in Sources */ = {isa = PBXBuildFile; fileRef = 4656701A1BE7634800B5AE13 /* Displaying_Long_Lines_of_Text_with_UITextViewUITests.swift */; };
/* End PBXBuildFile section */

/* Begin PBXContainerItemProxy section */
		4656700C1BE7634800B5AE13 /* PBXContainerItemProxy */ = {
			isa = PBXContainerItemProxy;
			containerPortal = 46566FEF1BE7634800B5AE13 /* Project object */;
			proxyType = 1;
			remoteGlobalIDString = 46566FF61BE7634800B5AE13;
			remoteInfo = "Displaying Long Lines of Text with UITextView";
		};
		465670171BE7634800B5AE13 /* PBXContainerItemProxy */ = {
			isa = PBXContainerItemProxy;
			containerPortal = 46566FEF1BE7634800B5AE13 /* Project object */;
			proxyType = 1;
			remoteGlobalIDString = 46566FF61BE7634800B5AE13;
			remoteInfo = "Displaying Long Lines of Text with UITextView";
		};
/* End PBXContainerItemProxy section */

/* Begin PBXFileReference section */
		46566FF71BE7634800B5AE13 /* Displaying Long Lines of Text with UITextView.app */ = {isa = PBXFileReference; explicitFileType = wrapper.application; includeInIndex = 0; path = "Displaying Long Lines of Text with UITextView.app"; sourceTree = BUILT_PRODUCTS_DIR; };
		46566FFA1BE7634800B5AE13 /* AppDelegate.swift */ = {isa = PBXFileReference; lastKnownFileType = sourcecode.swift; path = AppDelegate.swift; sourceTree = "<group>"; };
		46566FFC1BE7634800B5AE13 /* ViewController.swift */ = {isa = PBXFileReference; lastKnownFileType = sourcecode.swift; path = ViewController.swift; sourceTree = "<group>"; };
		46566FFF1BE7634800B5AE13 /* Base */ = {isa = PBXFileReference; lastKnownFileType = file.storyboard; name = Base; path = Base.lproj/Main.storyboard; sourceTree = "<group>"; };
		465670011BE7634800B5AE13 /* Assets.xcassets */ = {isa = PBXFileReference; lastKnownFileType = folder.assetcatalog; path = Assets.xcassets; sourceTree = "<group>"; };
		465670041BE7634800B5AE13 /* Base */ = {isa = PBXFileReference; lastKnownFileType = file.storyboard; name = Base; path = Base.lproj/LaunchScreen.storyboard; sourceTree = "<group>"; };
		465670061BE7634800B5AE13 /* Info.plist */ = {isa = PBXFileReference; lastKnownFileType = text.plist.xml; path = Info.plist; sourceTree = "<group>"; };
		4656700B1BE7634800B5AE13 /* Displaying Long Lines of Text with UITextViewTests.xctest */ = {isa = PBXFileReference; explicitFileType = wrapper.cfbundle; includeInIndex = 0; path = "Displaying Long Lines of Text with UITextViewTests.xctest"; sourceTree = BUILT_PRODUCTS_DIR; };
		4656700F1BE7634800B5AE13 /* Displaying_Long_Lines_of_Text_with_UITextViewTests.swift */ = {isa = PBXFileReference; lastKnownFileType = sourcecode.swift; path = Displaying_Long_Lines_of_Text_with_UITextViewTests.swift; sourceTree = "<group>"; };
		465670111BE7634800B5AE13 /* Info.plist */ = {isa = PBXFileReference; lastKnownFileType = text.plist.xml; path = Info.plist; sourceTree = "<group>"; };
		465670161BE7634800B5AE13 /* Displaying Long Lines of Text with UITextViewUITests.xctest */ = {isa = PBXFileReference; explicitFileType = wrapper.cfbundle; includeInIndex = 0; path = "Displaying Long Lines of Text with UITextViewUITests.xctest"; sourceTree = BUILT_PRODUCTS_DIR; };
		4656701A1BE7634800B5AE13 /* Displaying_Long_Lines_of_Text_with_UITextViewUITests.swift */ = {isa = PBXFileReference; lastKnownFileType = sourcecode.swift; path = Displaying_Long_Lines_of_Text_with_UITextViewUITests.swift; sourceTree = "<group>"; };
		4656701C1BE7634800B5AE13 /* Info.plist */ = {isa = PBXFileReference; lastKnownFileType = text.plist.xml; path = Info.plist; sourceTree = "<group>"; };
/* End PBXFileReference section */

/* Begin PBXFrameworksBuildPhase section */
		46566FF41BE7634800B5AE13 /* Frameworks */ = {
			isa = PBXFrameworksBuildPhase;
			buildActionMask = 2147483647;
			files = (
			);
			runOnlyForDeploymentPostprocessing = 0;
		};
		465670081BE7634800B5AE13 /* Frameworks */ = {
			isa = PBXFrameworksBuildPhase;
			buildActionMask = 2147483647;
			files = (
			);
			runOnlyForDeploymentPostprocessing = 0;
		};
		465670131BE7634800B5AE13 /* Frameworks */ = {
			isa = PBXFrameworksBuildPhase;
			buildActionMask = 2147483647;
			files = (
			);
			runOnlyForDeploymentPostprocessing = 0;
		};
/* End PBXFrameworksBuildPhase section */

/* Begin PBXGroup section */
		46566FEE1BE7634800B5AE13 = {
			isa = PBXGroup;
			children = (
				46566FF91BE7634800B5AE13 /* Displaying Long Lines of Text with UITextView */,
				4656700E1BE7634800B5AE13 /* Displaying Long Lines of Text with UITextViewTests */,
				465670191BE7634800B5AE13 /* Displaying Long Lines of Text with UITextViewUITests */,
				46566FF81BE7634800B5AE13 /* Products */,
			);
			sourceTree = "<group>";
		};
		46566FF81BE7634800B5AE13 /* Products */ = {
			isa = PBXGroup;
			children = (
				46566FF71BE7634800B5AE13 /* Displaying Long Lines of Text with UITextView.app */,
				4656700B1BE7634800B5AE13 /* Displaying Long Lines of Text with UITextViewTests.xctest */,
				465670161BE7634800B5AE13 /* Displaying Long Lines of Text with UITextViewUITests.xctest */,
			);
			name = Products;
			sourceTree = "<group>";
		};
		46566FF91BE7634800B5AE13 /* Displaying Long Lines of Text with UITextView */ = {
			isa = PBXGroup;
			children = (
				46566FFA1BE7634800B5AE13 /* AppDelegate.swift */,
				46566FFC1BE7634800B5AE13 /* ViewController.swift */,
				46566FFE1BE7634800B5AE13 /* Main.storyboard */,
				465670011BE7634800B5AE13 /* Assets.xcassets */,
				465670031BE7634800B5AE13 /* LaunchScreen.storyboard */,
				465670061BE7634800B5AE13 /* Info.plist */,
			);
			path = "Displaying Long Lines of Text with UITextView";
			sourceTree = "<group>";
		};
		4656700E1BE7634800B5AE13 /* Displaying Long Lines of Text with UITextViewTests */ = {
			isa = PBXGroup;
			children = (
				4656700F1BE7634800B5AE13 /* Displaying_Long_Lines_of_Text_with_UITextViewTests.swift */,
				465670111BE7634800B5AE13 /* Info.plist */,
			);
			path = "Displaying Long Lines of Text with UITextViewTests";
			sourceTree = "<group>";
		};
		465670191BE7634800B5AE13 /* Displaying Long Lines of Text with UITextViewUITests */ = {
			isa = PBXGroup;
			children = (
				4656701A1BE7634800B5AE13 /* Displaying_Long_Lines_of_Text_with_UITextViewUITests.swift */,
				4656701C1BE7634800B5AE13 /* Info.plist */,
			);
			path = "Displaying Long Lines of Text with UITextViewUITests";
			sourceTree = "<group>";
		};
/* End PBXGroup section */

/* Begin PBXNativeTarget section */
		46566FF61BE7634800B5AE13 /* Displaying Long Lines of Text with UITextView */ = {
			isa = PBXNativeTarget;
			buildConfigurationList = 4656701F1BE7634800B5AE13 /* Build configuration list for PBXNativeTarget "Displaying Long Lines of Text with UITextView" */;
			buildPhases = (
				46566FF31BE7634800B5AE13 /* Sources */,
				46566FF41BE7634800B5AE13 /* Frameworks */,
				46566FF51BE7634800B5AE13 /* Resources */,
			);
			buildRules = (
			);
			dependencies = (
			);
			name = "Displaying Long Lines of Text with UITextView";
			productName = "Displaying Long Lines of Text with UITextView";
			productReference = 46566FF71BE7634800B5AE13 /* Displaying Long Lines of Text with UITextView.app */;
			productType = "com.apple.product-type.application";
		};
		4656700A1BE7634800B5AE13 /* Displaying Long Lines of Text with UITextViewTests */ = {
			isa = PBXNativeTarget;
			buildConfigurationList = 465670221BE7634800B5AE13 /* Build configuration list for PBXNativeTarget "Displaying Long Lines of Text with UITextViewTests" */;
			buildPhases = (
				465670071BE7634800B5AE13 /* Sources */,
				465670081BE7634800B5AE13 /* Frameworks */,
				465670091BE7634800B5AE13 /* Resources */,
			);
			buildRules = (
			);
			dependencies = (
				4656700D1BE7634800B5AE13 /* PBXTargetDependency */,
			);
			name = "Displaying Long Lines of Text with UITextViewTests";
			productName = "Displaying Long Lines of Text with UITextViewTests";
			productReference = 4656700B1BE7634800B5AE13 /* Displaying Long Lines of Text with UITextViewTests.xctest */;
			productType = "com.apple.product-type.bundle.unit-test";
		};
		465670151BE7634800B5AE13 /* Displaying Long Lines of Text with UITextViewUITests */ = {
			isa = PBXNativeTarget;
			buildConfigurationList = 465670251BE7634800B5AE13 /* Build configuration list for PBXNativeTarget "Displaying Long Lines of Text with UITextViewUITests" */;
			buildPhases = (
				465670121BE7634800B5AE13 /* Sources */,
				465670131BE7634800B5AE13 /* Frameworks */,
				465670141BE7634800B5AE13 /* Resources */,
			);
			buildRules = (
			);
			dependencies = (
				465670181BE7634800B5AE13 /* PBXTargetDependency */,
			);
			name = "Displaying Long Lines of Text with UITextViewUITests";
			productName = "Displaying Long Lines of Text with UITextViewUITests";
			productReference = 465670161BE7634800B5AE13 /* Displaying Long Lines of Text with UITextViewUITests.xctest */;
			productType = "com.apple.product-type.bundle.ui-testing";
		};
/* End PBXNativeTarget section */

/* Begin PBXProject section */
		46566FEF1BE7634800B5AE13 /* Project object */ = {
			isa = PBXProject;
			attributes = {
				LastSwiftUpdateCheck = 0710;
				LastUpgradeCheck = 0710;
				ORGANIZATIONNAME = "gil osher";
				TargetAttributes = {
					46566FF61BE7634800B5AE13 = {
						CreatedOnToolsVersion = 7.1;
						DevelopmentTeam = 3ZM8DXSR64;
					};
					4656700A1BE7634800B5AE13 = {
						CreatedOnToolsVersion = 7.1;
						DevelopmentTeam = 3ZM8DXSR64;
						TestTargetID = 46566FF61BE7634800B5AE13;
					};
					465670151BE7634800B5AE13 = {
						CreatedOnToolsVersion = 7.1;
						DevelopmentTeam = 3ZM8DXSR64;
						TestTargetID = 46566FF61BE7634800B5AE13;
					};
				};
			};
			buildConfigurationList = 46566FF21BE7634800B5AE13 /* Build configuration list for PBXProject "Displaying Long Lines of Text with UITextView" */;
			compatibilityVersion = "Xcode 3.2";
			developmentRegion = English;
			hasScannedForEncodings = 0;
			knownRegions = (
				en,
				Base,
			);
			mainGroup = 46566FEE1BE7634800B5AE13;
			productRefGroup = 46566FF81BE7634800B5AE13 /* Products */;
			projectDirPath = "";
			projectRoot = "";
			targets = (
				46566FF61BE7634800B5AE13 /* Displaying Long Lines of Text with UITextView */,
				4656700A1BE7634800B5AE13 /* Displaying Long Lines of Text with UITextViewTests */,
				465670151BE7634800B5AE13 /* Displaying Long Lines of Text with UITextViewUITests */,
			);
		};
/* End PBXProject section */

/* Begin PBXResourcesBuildPhase section */
		46566FF51BE7634800B5AE13 /* Resources */ = {
			isa = PBXResourcesBuildPhase;
			buildActionMask = 2147483647;
			files = (
				465670051BE7634800B5AE13 /* LaunchScreen.storyboard in Resources */,
				465670021BE7634800B5AE13 /* Assets.xcassets in Resources */,
				465670001BE7634800B5AE13 /* Main.storyboard in Resources */,
			);
			runOnlyForDeploymentPostprocessing = 0;
		};
		465670091BE7634800B5AE13 /* Resources */ = {
			isa = PBXResourcesBuildPhase;
			buildActionMask = 2147483647;
			files = (
			);
			runOnlyForDeploymentPostprocessing = 0;
		};
		465670141BE7634800B5AE13 /* Resources */ = {
			isa = PBXResourcesBuildPhase;
			buildActionMask = 2147483647;
			files = (
			);
			runOnlyForDeploymentPostprocessing = 0;
		};
/* End PBXResourcesBuildPhase section */

/* Begin PBXSourcesBuildPhase section */
		46566FF31BE7634800B5AE13 /* Sources */ = {
			isa = PBXSourcesBuildPhase;
			buildActionMask = 2147483647;
			files = (
				46566FFD1BE7634800B5AE13 /* ViewController.swift in Sources */,
				46566FFB1BE7634800B5AE13 /* AppDelegate.swift in Sources */,
			);
			runOnlyForDeploymentPostprocessing = 0;
		};
		465670071BE7634800B5AE13 /* Sources */ = {
			isa = PBXSourcesBuildPhase;
			buildActionMask = 2147483647;
			files = (
				465670101BE7634800B5AE13 /* Displaying_Long_Lines_of_Text_with_UITextViewTests.swift in Sources */,
			);
			runOnlyForDeploymentPostprocessing = 0;
		};
		465670121BE7634800B5AE13 /* Sources */ = {
			isa = PBXSourcesBuildPhase;
			buildActionMask = 2147483647;
			files = (
				4656701B1BE7634800B5AE13 /* Displaying_Long_Lines_of_Text_with_UITextViewUITests.swift in Sources */,
			);
			runOnlyForDeploymentPostprocessing = 0;
		};
/* End PBXSourcesBuildPhase section */

/* Begin PBXTargetDependency section */
		4656700D1BE7634800B5AE13 /* PBXTargetDependency */ = {
			isa = PBXTargetDependency;
			target = 46566FF61BE7634800B5AE13 /* Displaying Long Lines of Text with UITextView */;
			targetProxy = 4656700C1BE7634800B5AE13 /* PBXContainerItemProxy */;
		};
		465670181BE7634800B5AE13 /* PBXTargetDependency */ = {
			isa = PBXTargetDependency;
			target = 46566FF61BE7634800B5AE13 /* Displaying Long Lines of Text with UITextView */;
			targetProxy = 465670171BE7634800B5AE13 /* PBXContainerItemProxy */;
		};
/* End PBXTargetDependency section */

/* Begin PBXVariantGroup section */
		46566FFE1BE7634800B5AE13 /* Main.storyboard */ = {
			isa = PBXVariantGroup;
			children = (
				46566FFF1BE7634800B5AE13 /* Base */,
			);
			name = Main.storyboard;
			sourceTree = "<group>";
		};
		465670031BE7634800B5AE13 /* LaunchScreen.storyboard */ = {
			isa = PBXVariantGroup;
			children = (
				465670041BE7634800B5AE13 /* Base */,
			);
			name = LaunchScreen.storyboard;
			sourceTree = "<group>";
		};
/* End PBXVariantGroup section */

/* Begin XCBuildConfiguration section */
		4656701D1BE7634800B5AE13 /* Debug */ = {
			isa = XCBuildConfiguration;
			buildSettings = {
				ALWAYS_SEARCH_USER_PATHS = NO;
				CLANG_CXX_LANGUAGE_STANDARD = "gnu++0x";
				CLANG_CXX_LIBRARY = "libc++";
				CLANG_ENABLE_MODULES = YES;
				CLANG_ENABLE_OBJC_ARC = YES;
				CLANG_WARN_BOOL_CONVERSION = YES;
				CLANG_WARN_CONSTANT_CONVERSION = YES;
				CLANG_WARN_DIRECT_OBJC_ISA_USAGE = YES_ERROR;
				CLANG_WARN_EMPTY_BODY = YES;
				CLANG_WARN_ENUM_CONVERSION = YES;
				CLANG_WARN_INT_CONVERSION = YES;
				CLANG_WARN_OBJC_ROOT_CLASS = YES_ERROR;
				CLANG_WARN_UNREACHABLE_CODE = YES;
				CLANG_WARN__DUPLICATE_METHOD_MATCH = YES;
				"CODE_SIGN_IDENTITY[sdk=iphoneos*]" = "iPhone Developer";
				COPY_PHASE_STRIP = NO;
				DEBUG_INFORMATION_FORMAT = dwarf;
				ENABLE_STRICT_OBJC_MSGSEND = YES;
				ENABLE_TESTABILITY = YES;
				GCC_C_LANGUAGE_STANDARD = gnu99;
				GCC_DYNAMIC_NO_PIC = NO;
				GCC_NO_COMMON_BLOCKS = YES;
				GCC_OPTIMIZATION_LEVEL = 0;
				GCC_PREPROCESSOR_DEFINITIONS = (
					"DEBUG=1",
					"$(inherited)",
				);
				GCC_WARN_64_TO_32_BIT_CONVERSION = YES;
				GCC_WARN_ABOUT_RETURN_TYPE = YES_ERROR;
				GCC_WARN_UNDECLARED_SELECTOR = YES;
				GCC_WARN_UNINITIALIZED_AUTOS = YES_AGGRESSIVE;
				GCC_WARN_UNUSED_FUNCTION = YES;
				GCC_WARN_UNUSED_VARIABLE = YES;
				IPHONEOS_DEPLOYMENT_TARGET = 9.1;
				MTL_ENABLE_DEBUG_INFO = YES;
				ONLY_ACTIVE_ARCH = YES;
				SDKROOT = iphoneos;
				SWIFT_OPTIMIZATION_LEVEL = "-Onone";
			};
			name = Debug;
		};
		4656701E1BE7634800B5AE13 /* Release */ = {
			isa = XCBuildConfiguration;
			buildSettings = {
				ALWAYS_SEARCH_USER_PATHS = NO;
				CLANG_CXX_LANGUAGE_STANDARD = "gnu++0x";
				CLANG_CXX_LIBRARY = "libc++";
				CLANG_ENABLE_MODULES = YES;
				CLANG_ENABLE_OBJC_ARC = YES;
				CLANG_WARN_BOOL_CONVERSION = YES;
				CLANG_WARN_CONSTANT_CONVERSION = YES;
				CLANG_WARN_DIRECT_OBJC_ISA_USAGE = YES_ERROR;
				CLANG_WARN_EMPTY_BODY = YES;
				CLANG_WARN_ENUM_CONVERSION = YES;
				CLANG_WARN_INT_CONVERSION = YES;
				CLANG_WARN_OBJC_ROOT_CLASS = YES_ERROR;
				CLANG_WARN_UNREACHABLE_CODE = YES;
				CLANG_WARN__DUPLICATE_METHOD_MATCH = YES;
				"CODE_SIGN_IDENTITY[sdk=iphoneos*]" = "iPhone Developer";
				COPY_PHASE_STRIP = NO;
				DEBUG_INFORMATION_FORMAT = "dwarf-with-dsym";
				ENABLE_NS_ASSERTIONS = NO;
				ENABLE_STRICT_OBJC_MSGSEND = YES;
				GCC_C_LANGUAGE_STANDARD = gnu99;
				GCC_NO_COMMON_BLOCKS = YES;
				GCC_WARN_64_TO_32_BIT_CONVERSION = YES;
				GCC_WARN_ABOUT_RETURN_TYPE = YES_ERROR;
				GCC_WARN_UNDECLARED_SELECTOR = YES;
				GCC_WARN_UNINITIALIZED_AUTOS = YES_AGGRESSIVE;
				GCC_WARN_UNUSED_FUNCTION = YES;
				GCC_WARN_UNUSED_VARIABLE = YES;
				IPHONEOS_DEPLOYMENT_TARGET = 9.1;
				MTL_ENABLE_DEBUG_INFO = NO;
				SDKROOT = iphoneos;
				VALIDATE_PRODUCT = YES;
			};
			name = Release;
		};
		465670201BE7634800B5AE13 /* Debug */ = {
			isa = XCBuildConfiguration;
			buildSettings = {
				ASSETCATALOG_COMPILER_APPICON_NAME = AppIcon;
				INFOPLIST_FILE = "Displaying Long Lines of Text with UITextView/Info.plist";
				LD_RUNPATH_SEARCH_PATHS = "$(inherited) @executable_path/Frameworks";
				PRODUCT_BUNDLE_IDENTIFIER = "example.Displaying-Long-Lines-of-Text-with-UITextView";
				PRODUCT_NAME = "$(TARGET_NAME)";
			};
			name = Debug;
		};
		465670211BE7634800B5AE13 /* Release */ = {
			isa = XCBuildConfiguration;
			buildSettings = {
				ASSETCATALOG_COMPILER_APPICON_NAME = AppIcon;
				INFOPLIST_FILE = "Displaying Long Lines of Text with UITextView/Info.plist";
				LD_RUNPATH_SEARCH_PATHS = "$(inherited) @executable_path/Frameworks";
				PRODUCT_BUNDLE_IDENTIFIER = "example.Displaying-Long-Lines-of-Text-with-UITextView";
				PRODUCT_NAME = "$(TARGET_NAME)";
			};
			name = Release;
		};
		465670231BE7634800B5AE13 /* Debug */ = {
			isa = XCBuildConfiguration;
			buildSettings = {
				BUNDLE_LOADER = "$(TEST_HOST)";
				INFOPLIST_FILE = "Displaying Long Lines of Text with UITextViewTests/Info.plist";
				LD_RUNPATH_SEARCH_PATHS = "$(inherited) @executable_path/Frameworks @loader_path/Frameworks";
				PRODUCT_BUNDLE_IDENTIFIER = "example.Displaying-Long-Lines-of-Text-with-UITextViewTests";
				PRODUCT_NAME = "$(TARGET_NAME)";
				TEST_HOST = "$(BUILT_PRODUCTS_DIR)/Displaying Long Lines of Text with UITextView.app/Displaying Long Lines of Text with UITextView";
			};
			name = Debug;
		};
		465670241BE7634800B5AE13 /* Release */ = {
			isa = XCBuildConfiguration;
			buildSettings = {
				BUNDLE_LOADER = "$(TEST_HOST)";
				INFOPLIST_FILE = "Displaying Long Lines of Text with UITextViewTests/Info.plist";
				LD_RUNPATH_SEARCH_PATHS = "$(inherited) @executable_path/Frameworks @loader_path/Frameworks";
				PRODUCT_BUNDLE_IDENTIFIER = "example.Displaying-Long-Lines-of-Text-with-UITextViewTests";
				PRODUCT_NAME = "$(TARGET_NAME)";
				TEST_HOST = "$(BUILT_PRODUCTS_DIR)/Displaying Long Lines of Text with UITextView.app/Displaying Long Lines of Text with UITextView";
			};
			name = Release;
		};
		465670261BE7634800B5AE13 /* Debug */ = {
			isa = XCBuildConfiguration;
			buildSettings = {
				INFOPLIST_FILE = "Displaying Long Lines of Text with UITextViewUITests/Info.plist";
				LD_RUNPATH_SEARCH_PATHS = "$(inherited) @executable_path/Frameworks @loader_path/Frameworks";
				PRODUCT_BUNDLE_IDENTIFIER = "example.Displaying-Long-Lines-of-Text-with-UITextViewUITests";
				PRODUCT_NAME = "$(TARGET_NAME)";
				TEST_TARGET_NAME = "Displaying Long Lines of Text with UITextView";
				USES_XCTRUNNER = YES;
			};
			name = Debug;
		};
		465670271BE7634800B5AE13 /* Release */ = {
			isa = XCBuildConfiguration;
			buildSettings = {
				INFOPLIST_FILE = "Displaying Long Lines of Text with UITextViewUITests/Info.plist";
				LD_RUNPATH_SEARCH_PATHS = "$(inherited) @executable_path/Frameworks @loader_path/Frameworks";
				PRODUCT_BUNDLE_IDENTIFIER = "example.Displaying-Long-Lines-of-Text-with-UITextViewUITests";
				PRODUCT_NAME = "$(TARGET_NAME)";
				TEST_TARGET_NAME = "Displaying Long Lines of Text with UITextView";
				USES_XCTRUNNER = YES;
			};
			name = Release;
		};
/* End XCBuildConfiguration section */

/* Begin XCConfigurationList section */
		46566FF21BE7634800B5AE13 /* Build configuration list for PBXProject "Displaying Long Lines of Text with UITextView" */ = {
			isa = XCConfigurationList;
			buildConfigurations = (
				4656701D1BE7634800B5AE13 /* Debug */,
				4656701E1BE7634800B5AE13 /* Release */,
			);
			defaultConfigurationIsVisible = 0;
			defaultConfigurationName = Release;
		};
		4656701F1BE7634800B5AE13 /* Build configuration list for PBXNativeTarget "Displaying Long Lines of Text with UITextView" */ = {
			isa = XCConfigurationList;
			buildConfigurations = (
				465670201BE7634800B5AE13 /* Debug */,
				465670211BE7634800B5AE13 /* Release */,
			);
			defaultConfigurationIsVisible = 0;
		};
		465670221BE7634800B5AE13 /* Build configuration list for PBXNativeTarget "Displaying Long Lines of Text with UITextViewTests" */ = {
			isa = XCConfigurationList;
			buildConfigurations = (
				465670231BE7634800B5AE13 /* Debug */,
				465670241BE7634800B5AE13 /* Release */,
			);
			defaultConfigurationIsVisible = 0;
		};
		465670251BE7634800B5AE13 /* Build configuration list for PBXNativeTarget "Displaying Long Lines of Text with UITextViewUITests" */ = {
			isa = XCConfigurationList;
			buildConfigurations = (
				465670261BE7634800B5AE13 /* Debug */,
				465670271BE7634800B5AE13 /* Release */,
			);
			defaultConfigurationIsVisible = 0;
		};
/* End XCConfigurationList section */
	};
	rootObject = 46566FEF1BE7634800B5AE13 /* Project object */;
}
